
Microsoft Visual Studio Solution File, Format Version 12.00
# Visual Studio Version 17
VisualStudioVersion = 17.14.36310.24 d17.14
MinimumVisualStudioVersion = 10.0.40219.1
Project("{FAE04EC0-301F-11D3-BF4B-00C04F79EFBC}") = "PolyTrack.API", "PolyTrack.API.csproj", "{B54D716E-42AD-83E7-D8F1-4539DEE3A698}"
EndProject
Global
	GlobalSection(SolutionConfigurationPlatforms) = preSolution
		Debug|Any CPU = Debug|Any CPU
		Release|Any CPU = Release|Any CPU
	EndGlobalSection
	GlobalSection(ProjectConfigurationPlatforms) = postSolution
		{B54D716E-42AD-83E7-D8F1-4539DEE3A698}.Debug|Any CPU.ActiveCfg = Debug|Any CPU
		{B54D716E-42AD-83E7-D8F1-4539DEE3A698}.Debug|Any CPU.Build.0 = Debug|Any CPU
		{B54D716E-42AD-83E7-D8F1-4539DEE3A698}.Release|Any CPU.ActiveCfg = Release|Any CPU
		{B54D716E-42AD-83E7-D8F1-4539DEE3A698}.Release|Any CPU.Build.0 = Release|Any CPU
	EndGlobalSection
	GlobalSection(SolutionProperties) = preSolution
		HideSolutionNode = FALSE
	EndGlobalSection
	GlobalSection(ExtensibilityGlobals) = postSolution
		SolutionGuid = {1328F55C-11FD-4503-B3DD-AF8EB25BBB3A}
	EndGlobalSection
EndGlobal
